
Microsoft Visual Studio Solution File, Format Version 12.00
# Visual Studio Version 16
VisualStudioVersion = 16.0.31729.503
MinimumVisualStudioVersion = 10.0.40219.1
Project("{FAE04EC0-301F-11D3-BF4B-00C04F79EFBC}") = "Authentication_MCC59", "Authentication_MCC59\Authentication_MCC59.csproj", "{73A4FB31-C7B6-4AF9-A6FF-9015AB701AFC}"
EndProject
Global
	GlobalSection(SolutionConfigurationPlatforms) = preSolution
		Debug|Any CPU = Debug|Any CPU
		Release|Any CPU = Release|Any CPU
	EndGlobalSection
	GlobalSection(ProjectConfigurationPlatforms) = postSolution
		{73A4FB31-C7B6-4AF9-A6FF-9015AB701AFC}.Debug|Any CPU.ActiveCfg = Debug|Any CPU
		{73A4FB31-C7B6-4AF9-A6FF-9015AB701AFC}.Debug|Any CPU.Build.0 = Debug|Any CPU
		{73A4FB31-C7B6-4AF9-A6FF-9015AB701AFC}.Release|Any CPU.ActiveCfg = Release|Any CPU
		{73A4FB31-C7B6-4AF9-A6FF-9015AB701AFC}.Release|Any CPU.Build.0 = Release|Any CPU
	EndGlobalSection
	GlobalSection(SolutionProperties) = preSolution
		HideSolutionNode = FALSE
	EndGlobalSection
	GlobalSection(ExtensibilityGlobals) = postSolution
		SolutionGuid = {0BB8B5DD-7C75-4C92-BB13-5878D232C92D}
	EndGlobalSection
EndGlobal
